
Microsoft Visual Studio Solution File, Format Version 12.00
# Visual Studio Version 16
VisualStudioVersion = 16.0.32002.261
MinimumVisualStudioVersion = 10.0.40219.1
Project("{FAE04EC0-301F-11D3-BF4B-00C04F79EFBC}") = "RadioCheckDropDown", "RadioCheckDropDown\RadioCheckDropDown.csproj", "{DCB694A6-96D2-42B7-9D33-B1FF57C9CB79}"
EndProject
Global
	GlobalSection(SolutionConfigurationPlatforms) = preSolution
		Debug|Any CPU = Debug|Any CPU
		Release|Any CPU = Release|Any CPU
	EndGlobalSection
	GlobalSection(ProjectConfigurationPlatforms) = postSolution
		{DCB694A6-96D2-42B7-9D33-B1FF57C9CB79}.Debug|Any CPU.ActiveCfg = Debug|Any CPU
		{DCB694A6-96D2-42B7-9D33-B1FF57C9CB79}.Debug|Any CPU.Build.0 = Debug|Any CPU
		{DCB694A6-96D2-42B7-9D33-B1FF57C9CB79}.Release|Any CPU.ActiveCfg = Release|Any CPU
		{DCB694A6-96D2-42B7-9D33-B1FF57C9CB79}.Release|Any CPU.Build.0 = Release|Any CPU
	EndGlobalSection
	GlobalSection(SolutionProperties) = preSolution
		HideSolutionNode = FALSE
	EndGlobalSection
	GlobalSection(ExtensibilityGlobals) = postSolution
		SolutionGuid = {95E8DFFF-188E-414E-9241-894CEC345B6F}
	EndGlobalSection
EndGlobal
